{
  "name": "o-symbolist",
  "version": "1.0.0",
  "lockfileVersion": 1,
  "requires": true,
  "dependencies": {
    "curve-interpolator": {
      "version": "0.2.3",
      "resolved": "https://registry.npmjs.org/curve-interpolator/-/curve-interpolator-0.2.3.tgz",
      "integrity": "sha512-AeOuGmDFHk2TN+jeI12LADtjtuItiSxX+Y+2mWaKeXeG1tDdsl+0IhgwOWO+tOelwZbnmRaKw4BbTVUv7AJQ8A==",
      "requires": {
        "minimatrix-polyroots": "^2.0.2"
      }
    },
    "minimatrix-polyroots": {
      "version": "2.0.2",
      "resolved": "https://registry.npmjs.org/minimatrix-polyroots/-/minimatrix-polyroots-2.0.2.tgz",
      "integrity": "sha512-MPyK74ZlmR1AJmfFUATcyrrpetdYw8GF6etQnONu/Z4k8bZWvQTE1Ff+tCl6hH6wXHcEPARV0iYSm2YkHhqLkQ=="
    },
    "points": {
      "version": "3.2.0",
      "resolved": "https://registry.npmjs.org/points/-/points-3.2.0.tgz",
      "integrity": "sha512-7iumIxVwOzsjX0GCzVTpB0YTBugRTBnRBNpEBeH7fUYHDdeOhdGoZ9JB7xJ40BJ2muo7gZPt5ScmIGv3APybOQ==",
      "requires": {
        "svg-arc-to-cubic-bezier": "^3.2.0"
      }
    },
    "svg-arc-to-cubic-bezier": {
      "version": "3.2.0",
      "resolved": "https://registry.npmjs.org/svg-arc-to-cubic-bezier/-/svg-arc-to-cubic-bezier-3.2.0.tgz",
      "integrity": "sha512-djbJ/vZKZO+gPoSDThGNpKDO+o+bAeA4XQKovvkNCqnIS2t+S4qnLAGQhyyrulhCFRl1WWzAp0wUDV8PpTVU3g=="
    },
    "svg-points": {
      "version": "6.0.1",
      "resolved": "https://registry.npmjs.org/svg-points/-/svg-points-6.0.1.tgz",
      "integrity": "sha1-2fYOHvQJBRVCsw+SEge8RJf+1ew="
    }
  }
}
